
Microsoft Visual Studio Solution File, Format Version 12.00
# Visual Studio Version 17
VisualStudioVersion = 17.0.32126.317
MinimumVisualStudioVersion = 10.0.40219.1
Project("{FAE04EC0-301F-11D3-BF4B-00C04F79EFBC}") = "POOConcepts", "POOConcepts\POOConcepts.csproj", "{7B0DF6A4-408D-4112-B2BD-B83B130FB9D5}"
EndProject
Global
	GlobalSection(SolutionConfigurationPlatforms) = preSolution
		Debug|Any CPU = Debug|Any CPU
		Release|Any CPU = Release|Any CPU
	EndGlobalSection
	GlobalSection(ProjectConfigurationPlatforms) = postSolution
		{7B0DF6A4-408D-4112-B2BD-B83B130FB9D5}.Debug|Any CPU.ActiveCfg = Debug|Any CPU
		{7B0DF6A4-408D-4112-B2BD-B83B130FB9D5}.Debug|Any CPU.Build.0 = Debug|Any CPU
		{7B0DF6A4-408D-4112-B2BD-B83B130FB9D5}.Release|Any CPU.ActiveCfg = Release|Any CPU
		{7B0DF6A4-408D-4112-B2BD-B83B130FB9D5}.Release|Any CPU.Build.0 = Release|Any CPU
	EndGlobalSection
	GlobalSection(SolutionProperties) = preSolution
		HideSolutionNode = FALSE
	EndGlobalSection
	GlobalSection(ExtensibilityGlobals) = postSolution
		SolutionGuid = {7EBA530C-096D-4E50-92FF-31BD7FD356BC}
	EndGlobalSection
EndGlobal
